
Microsoft Visual Studio Solution File, Format Version 12.00
# Visual Studio Version 17
VisualStudioVersion = 17.8.34511.84
MinimumVisualStudioVersion = 10.0.40219.1
Project("{FAE04EC0-301F-11D3-BF4B-00C04F79EFBC}") = "NUnitDemonstration", "NUnitDemonstration\NUnitDemonstration.csproj", "{D355B5F2-E163-4128-81F7-C0A874585D9F}"
EndProject
Project("{FAE04EC0-301F-11D3-BF4B-00C04F79EFBC}") = "TestClass", "TestClass\TestClass.csproj", "{4FBDD6AD-47BE-4C34-9730-0EC2021C5209}"
EndProject
Global
	GlobalSection(SolutionConfigurationPlatforms) = preSolution
		Debug|Any CPU = Debug|Any CPU
		Release|Any CPU = Release|Any CPU
	EndGlobalSection
	GlobalSection(ProjectConfigurationPlatforms) = postSolution
		{D355B5F2-E163-4128-81F7-C0A874585D9F}.Debug|Any CPU.ActiveCfg = Debug|Any CPU
		{D355B5F2-E163-4128-81F7-C0A874585D9F}.Debug|Any CPU.Build.0 = Debug|Any CPU
		{D355B5F2-E163-4128-81F7-C0A874585D9F}.Release|Any CPU.ActiveCfg = Release|Any CPU
		{D355B5F2-E163-4128-81F7-C0A874585D9F}.Release|Any CPU.Build.0 = Release|Any CPU
		{4FBDD6AD-47BE-4C34-9730-0EC2021C5209}.Debug|Any CPU.ActiveCfg = Debug|Any CPU
		{4FBDD6AD-47BE-4C34-9730-0EC2021C5209}.Debug|Any CPU.Build.0 = Debug|Any CPU
		{4FBDD6AD-47BE-4C34-9730-0EC2021C5209}.Release|Any CPU.ActiveCfg = Release|Any CPU
		{4FBDD6AD-47BE-4C34-9730-0EC2021C5209}.Release|Any CPU.Build.0 = Release|Any CPU
	EndGlobalSection
	GlobalSection(SolutionProperties) = preSolution
		HideSolutionNode = FALSE
	EndGlobalSection
	GlobalSection(ExtensibilityGlobals) = postSolution
		SolutionGuid = {73518161-7FEE-4FC5-8BB6-EBD2043EB1D3}
	EndGlobalSection
EndGlobal
